
Microsoft Visual Studio Solution File, Format Version 12.00
# Visual Studio 15
Project("{FAE04EC0-301F-11D3-BF4B-00C04F79EFBC}") = "EasyBT", "EasyBT.csproj", "{9FB37FF3-D65C-576B-E563-E5B2BF1CADD8}"
EndProject
Project("{FAE04EC0-301F-11D3-BF4B-00C04F79EFBC}") = "Assembly-CSharp", "Assembly-CSharp.csproj", "{47C25BDE-F03E-68FD-B050-6E30915850E2}"
EndProject
Project("{FAE04EC0-301F-11D3-BF4B-00C04F79EFBC}") = "Assembly-CSharp-Editor", "Assembly-CSharp-Editor.csproj", "{AB153A42-C7A4-947D-CC8D-0BCD872DEB1E}"
EndProject
Global
	GlobalSection(SolutionConfigurationPlatforms) = preSolution
		Debug|Any CPU = Debug|Any CPU
		Release|Any CPU = Release|Any CPU
	EndGlobalSection
	GlobalSection(ProjectConfigurationPlatforms) = postSolution
		{9FB37FF3-D65C-576B-E563-E5B2BF1CADD8}.Debug|Any CPU.ActiveCfg = Debug|Any CPU
		{9FB37FF3-D65C-576B-E563-E5B2BF1CADD8}.Debug|Any CPU.Build.0 = Debug|Any CPU
		{9FB37FF3-D65C-576B-E563-E5B2BF1CADD8}.Release|Any CPU.ActiveCfg = Release|Any CPU
		{9FB37FF3-D65C-576B-E563-E5B2BF1CADD8}.Release|Any CPU.Build.0 = Release|Any CPU
		{47C25BDE-F03E-68FD-B050-6E30915850E2}.Debug|Any CPU.ActiveCfg = Debug|Any CPU
		{47C25BDE-F03E-68FD-B050-6E30915850E2}.Debug|Any CPU.Build.0 = Debug|Any CPU
		{47C25BDE-F03E-68FD-B050-6E30915850E2}.Release|Any CPU.ActiveCfg = Release|Any CPU
		{47C25BDE-F03E-68FD-B050-6E30915850E2}.Release|Any CPU.Build.0 = Release|Any CPU
		{AB153A42-C7A4-947D-CC8D-0BCD872DEB1E}.Debug|Any CPU.ActiveCfg = Debug|Any CPU
		{AB153A42-C7A4-947D-CC8D-0BCD872DEB1E}.Debug|Any CPU.Build.0 = Debug|Any CPU
		{AB153A42-C7A4-947D-CC8D-0BCD872DEB1E}.Release|Any CPU.ActiveCfg = Release|Any CPU
		{AB153A42-C7A4-947D-CC8D-0BCD872DEB1E}.Release|Any CPU.Build.0 = Release|Any CPU
	EndGlobalSection
	GlobalSection(SolutionProperties) = preSolution
		HideSolutionNode = FALSE
	EndGlobalSection
EndGlobal
